
Microsoft Visual Studio Solution File, Format Version 12.00
# Visual Studio Version 16
VisualStudioVersion = 16.0.28803.352
MinimumVisualStudioVersion = 10.0.40219.1
Project("{FAE04EC0-301F-11D3-BF4B-00C04F79EFBC}") = "AnimalSDK", "AnimalSDK\AnimalSDK.csproj", "{6672423F-9FA8-4F58-9B14-40FF49A272DA}"
EndProject
Project("{FAE04EC0-301F-11D3-BF4B-00C04F79EFBC}") = "Animal", "Animal\Animal.csproj", "{EA58AE81-7A27-4144-82A9-AA31F2D307B5}"
EndProject
Project("{FAE04EC0-301F-11D3-BF4B-00C04F79EFBC}") = "GameBusiness", "GameBusiness\GameBusiness.csproj", "{48A861C7-F8EF-4EA1-975E-6F2F250A4D3F}"
EndProject
Project("{FAE04EC0-301F-11D3-BF4B-00C04F79EFBC}") = "TestAnimal", "TestAnimal\TestAnimal.csproj", "{FB39EE6C-3ACF-4DC1-94FF-D3E2B1C7ECB0}"
EndProject
Global
	GlobalSection(SolutionConfigurationPlatforms) = preSolution
		Debug|Any CPU = Debug|Any CPU
		Release|Any CPU = Release|Any CPU
	EndGlobalSection
	GlobalSection(ProjectConfigurationPlatforms) = postSolution
		{6672423F-9FA8-4F58-9B14-40FF49A272DA}.Debug|Any CPU.ActiveCfg = Debug|Any CPU
		{6672423F-9FA8-4F58-9B14-40FF49A272DA}.Debug|Any CPU.Build.0 = Debug|Any CPU
		{6672423F-9FA8-4F58-9B14-40FF49A272DA}.Release|Any CPU.ActiveCfg = Release|Any CPU
		{6672423F-9FA8-4F58-9B14-40FF49A272DA}.Release|Any CPU.Build.0 = Release|Any CPU
		{EA58AE81-7A27-4144-82A9-AA31F2D307B5}.Debug|Any CPU.ActiveCfg = Debug|Any CPU
		{EA58AE81-7A27-4144-82A9-AA31F2D307B5}.Debug|Any CPU.Build.0 = Debug|Any CPU
		{EA58AE81-7A27-4144-82A9-AA31F2D307B5}.Release|Any CPU.ActiveCfg = Release|Any CPU
		{EA58AE81-7A27-4144-82A9-AA31F2D307B5}.Release|Any CPU.Build.0 = Release|Any CPU
		{48A861C7-F8EF-4EA1-975E-6F2F250A4D3F}.Debug|Any CPU.ActiveCfg = Debug|Any CPU
		{48A861C7-F8EF-4EA1-975E-6F2F250A4D3F}.Debug|Any CPU.Build.0 = Debug|Any CPU
		{48A861C7-F8EF-4EA1-975E-6F2F250A4D3F}.Release|Any CPU.ActiveCfg = Release|Any CPU
		{48A861C7-F8EF-4EA1-975E-6F2F250A4D3F}.Release|Any CPU.Build.0 = Release|Any CPU
		{FB39EE6C-3ACF-4DC1-94FF-D3E2B1C7ECB0}.Debug|Any CPU.ActiveCfg = Debug|Any CPU
		{FB39EE6C-3ACF-4DC1-94FF-D3E2B1C7ECB0}.Debug|Any CPU.Build.0 = Debug|Any CPU
		{FB39EE6C-3ACF-4DC1-94FF-D3E2B1C7ECB0}.Release|Any CPU.ActiveCfg = Release|Any CPU
		{FB39EE6C-3ACF-4DC1-94FF-D3E2B1C7ECB0}.Release|Any CPU.Build.0 = Release|Any CPU
	EndGlobalSection
	GlobalSection(SolutionProperties) = preSolution
		HideSolutionNode = FALSE
	EndGlobalSection
	GlobalSection(ExtensibilityGlobals) = postSolution
		SolutionGuid = {F31B93B1-7495-44FE-92C8-5FAAD6BD24F1}
	EndGlobalSection
EndGlobal
