
Microsoft Visual Studio Solution File, Format Version 12.00
# Visual Studio 15
VisualStudioVersion = 15.0.28307.421
MinimumVisualStudioVersion = 10.0.40219.1
Project("{FAE04EC0-301F-11D3-BF4B-00C04F79EFBC}") = "HW0103.Threads", "HW0103.Threads\HW0103.Threads.csproj", "{1A6DF42A-A856-4064-A742-045336552F9C}"
EndProject
Global
	GlobalSection(SolutionConfigurationPlatforms) = preSolution
		Debug|Any CPU = Debug|Any CPU
		Release|Any CPU = Release|Any CPU
	EndGlobalSection
	GlobalSection(ProjectConfigurationPlatforms) = postSolution
		{1A6DF42A-A856-4064-A742-045336552F9C}.Debug|Any CPU.ActiveCfg = Debug|Any CPU
		{1A6DF42A-A856-4064-A742-045336552F9C}.Debug|Any CPU.Build.0 = Debug|Any CPU
		{1A6DF42A-A856-4064-A742-045336552F9C}.Release|Any CPU.ActiveCfg = Release|Any CPU
		{1A6DF42A-A856-4064-A742-045336552F9C}.Release|Any CPU.Build.0 = Release|Any CPU
	EndGlobalSection
	GlobalSection(SolutionProperties) = preSolution
		HideSolutionNode = FALSE
	EndGlobalSection
	GlobalSection(ExtensibilityGlobals) = postSolution
		SolutionGuid = {F5CBB0C3-5487-4340-8565-E4FE02E3D1FF}
	EndGlobalSection
EndGlobal
