
Microsoft Visual Studio Solution File, Format Version 12.00
# Visual Studio 15
VisualStudioVersion = 15.0.28307.438
MinimumVisualStudioVersion = 10.0.40219.1
Project("{FAE04EC0-301F-11D3-BF4B-00C04F79EFBC}") = "AppSend", "PortsUnmanaged\AppSend.csproj", "{D3C66D93-2810-494C-B9D3-0988F18FF1AD}"
EndProject
Project("{FAE04EC0-301F-11D3-BF4B-00C04F79EFBC}") = "AppListen", "SubcontrollerB\AppListen.csproj", "{7D749FA8-020A-4D27-AC93-925B890313C1}"
EndProject
Global
	GlobalSection(SolutionConfigurationPlatforms) = preSolution
		Debug|Any CPU = Debug|Any CPU
		NoDebug|Any CPU = NoDebug|Any CPU
		Release|Any CPU = Release|Any CPU
	EndGlobalSection
	GlobalSection(ProjectConfigurationPlatforms) = postSolution
		{D3C66D93-2810-494C-B9D3-0988F18FF1AD}.Debug|Any CPU.ActiveCfg = Debug|Any CPU
		{D3C66D93-2810-494C-B9D3-0988F18FF1AD}.Debug|Any CPU.Build.0 = Debug|Any CPU
		{D3C66D93-2810-494C-B9D3-0988F18FF1AD}.NoDebug|Any CPU.ActiveCfg = NoDebug|Any CPU
		{D3C66D93-2810-494C-B9D3-0988F18FF1AD}.NoDebug|Any CPU.Build.0 = NoDebug|Any CPU
		{D3C66D93-2810-494C-B9D3-0988F18FF1AD}.Release|Any CPU.ActiveCfg = Release|Any CPU
		{D3C66D93-2810-494C-B9D3-0988F18FF1AD}.Release|Any CPU.Build.0 = Release|Any CPU
		{7D749FA8-020A-4D27-AC93-925B890313C1}.Debug|Any CPU.ActiveCfg = Debug|Any CPU
		{7D749FA8-020A-4D27-AC93-925B890313C1}.Debug|Any CPU.Build.0 = Debug|Any CPU
		{7D749FA8-020A-4D27-AC93-925B890313C1}.NoDebug|Any CPU.ActiveCfg = NoDebug|Any CPU
		{7D749FA8-020A-4D27-AC93-925B890313C1}.NoDebug|Any CPU.Build.0 = NoDebug|Any CPU
		{7D749FA8-020A-4D27-AC93-925B890313C1}.Release|Any CPU.ActiveCfg = Release|Any CPU
		{7D749FA8-020A-4D27-AC93-925B890313C1}.Release|Any CPU.Build.0 = Release|Any CPU
	EndGlobalSection
	GlobalSection(SolutionProperties) = preSolution
		HideSolutionNode = FALSE
	EndGlobalSection
	GlobalSection(ExtensibilityGlobals) = postSolution
		SolutionGuid = {B63E0B2E-104F-4EC3-943B-20EA1D3EAE87}
	EndGlobalSection
EndGlobal
